
Microsoft Visual Studio Solution File, Format Version 12.00
# Visual Studio Version 16
VisualStudioVersion = 16.0.29411.108
MinimumVisualStudioVersion = 10.0.40219.1
Project("{8BC9CEB8-8B4A-11D0-8D11-00A0C91BC942}") = "Exercise01", "Exercise01\Exercise01.vcxproj", "{0F9DD796-B0EA-4559-B3BB-C57C68A0B16F}"
EndProject
Project("{8BC9CEB8-8B4A-11D0-8D11-00A0C91BC942}") = "exercise02", "exercise02\exercise02.vcxproj", "{2F5F571D-8F2F-4275-B6A1-3C6C75827DE4}"
EndProject
Project("{8BC9CEB8-8B4A-11D0-8D11-00A0C91BC942}") = "exercise02e", "exercise02e\exercise02e.vcxproj", "{416E4138-A644-46D2-BA1B-D4ABD5345337}"
EndProject
Project("{8BC9CEB8-8B4A-11D0-8D11-00A0C91BC942}") = "exercise03", "exercise03\exercise03.vcxproj", "{01EE38B4-C6B3-46A0-A5C8-AC9C91D41E73}"
EndProject
Project("{8BC9CEB8-8B4A-11D0-8D11-00A0C91BC942}") = "exercise04", "exercise04\exercise04.vcxproj", "{83D6A974-8076-4BEE-BCB3-8F36EE22DBD9}"
EndProject
Project("{8BC9CEB8-8B4A-11D0-8D11-00A0C91BC942}") = "exercise05", "exercise05\exercise05.vcxproj", "{92FB74D1-4081-4454-B348-3D1E34D1E308}"
EndProject
Global
	GlobalSection(SolutionConfigurationPlatforms) = preSolution
		Debug|x64 = Debug|x64
		Debug|x86 = Debug|x86
		Release|x64 = Release|x64
		Release|x86 = Release|x86
	EndGlobalSection
	GlobalSection(ProjectConfigurationPlatforms) = postSolution
		{0F9DD796-B0EA-4559-B3BB-C57C68A0B16F}.Debug|x64.ActiveCfg = Debug|x64
		{0F9DD796-B0EA-4559-B3BB-C57C68A0B16F}.Debug|x64.Build.0 = Debug|x64
		{0F9DD796-B0EA-4559-B3BB-C57C68A0B16F}.Debug|x86.ActiveCfg = Debug|Win32
		{0F9DD796-B0EA-4559-B3BB-C57C68A0B16F}.Debug|x86.Build.0 = Debug|Win32
		{0F9DD796-B0EA-4559-B3BB-C57C68A0B16F}.Release|x64.ActiveCfg = Release|x64
		{0F9DD796-B0EA-4559-B3BB-C57C68A0B16F}.Release|x64.Build.0 = Release|x64
		{0F9DD796-B0EA-4559-B3BB-C57C68A0B16F}.Release|x86.ActiveCfg = Release|Win32
		{0F9DD796-B0EA-4559-B3BB-C57C68A0B16F}.Release|x86.Build.0 = Release|Win32
		{2F5F571D-8F2F-4275-B6A1-3C6C75827DE4}.Debug|x64.ActiveCfg = Debug|x64
		{2F5F571D-8F2F-4275-B6A1-3C6C75827DE4}.Debug|x64.Build.0 = Debug|x64
		{2F5F571D-8F2F-4275-B6A1-3C6C75827DE4}.Debug|x86.ActiveCfg = Debug|Win32
		{2F5F571D-8F2F-4275-B6A1-3C6C75827DE4}.Debug|x86.Build.0 = Debug|Win32
		{2F5F571D-8F2F-4275-B6A1-3C6C75827DE4}.Release|x64.ActiveCfg = Release|x64
		{2F5F571D-8F2F-4275-B6A1-3C6C75827DE4}.Release|x64.Build.0 = Release|x64
		{2F5F571D-8F2F-4275-B6A1-3C6C75827DE4}.Release|x86.ActiveCfg = Release|Win32
		{2F5F571D-8F2F-4275-B6A1-3C6C75827DE4}.Release|x86.Build.0 = Release|Win32
		{416E4138-A644-46D2-BA1B-D4ABD5345337}.Debug|x64.ActiveCfg = Debug|x64
		{416E4138-A644-46D2-BA1B-D4ABD5345337}.Debug|x64.Build.0 = Debug|x64
		{416E4138-A644-46D2-BA1B-D4ABD5345337}.Debug|x86.ActiveCfg = Debug|Win32
		{416E4138-A644-46D2-BA1B-D4ABD5345337}.Debug|x86.Build.0 = Debug|Win32
		{416E4138-A644-46D2-BA1B-D4ABD5345337}.Release|x64.ActiveCfg = Release|x64
		{416E4138-A644-46D2-BA1B-D4ABD5345337}.Release|x64.Build.0 = Release|x64
		{416E4138-A644-46D2-BA1B-D4ABD5345337}.Release|x86.ActiveCfg = Release|Win32
		{416E4138-A644-46D2-BA1B-D4ABD5345337}.Release|x86.Build.0 = Release|Win32
		{01EE38B4-C6B3-46A0-A5C8-AC9C91D41E73}.Debug|x64.ActiveCfg = Debug|x64
		{01EE38B4-C6B3-46A0-A5C8-AC9C91D41E73}.Debug|x64.Build.0 = Debug|x64
		{01EE38B4-C6B3-46A0-A5C8-AC9C91D41E73}.Debug|x86.ActiveCfg = Debug|Win32
		{01EE38B4-C6B3-46A0-A5C8-AC9C91D41E73}.Debug|x86.Build.0 = Debug|Win32
		{01EE38B4-C6B3-46A0-A5C8-AC9C91D41E73}.Release|x64.ActiveCfg = Release|x64
		{01EE38B4-C6B3-46A0-A5C8-AC9C91D41E73}.Release|x64.Build.0 = Release|x64
		{01EE38B4-C6B3-46A0-A5C8-AC9C91D41E73}.Release|x86.ActiveCfg = Release|Win32
		{01EE38B4-C6B3-46A0-A5C8-AC9C91D41E73}.Release|x86.Build.0 = Release|Win32
		{83D6A974-8076-4BEE-BCB3-8F36EE22DBD9}.Debug|x64.ActiveCfg = Debug|x64
		{83D6A974-8076-4BEE-BCB3-8F36EE22DBD9}.Debug|x64.Build.0 = Debug|x64
		{83D6A974-8076-4BEE-BCB3-8F36EE22DBD9}.Debug|x86.ActiveCfg = Debug|Win32
		{83D6A974-8076-4BEE-BCB3-8F36EE22DBD9}.Debug|x86.Build.0 = Debug|Win32
		{83D6A974-8076-4BEE-BCB3-8F36EE22DBD9}.Release|x64.ActiveCfg = Release|x64
		{83D6A974-8076-4BEE-BCB3-8F36EE22DBD9}.Release|x64.Build.0 = Release|x64
		{83D6A974-8076-4BEE-BCB3-8F36EE22DBD9}.Release|x86.ActiveCfg = Release|Win32
		{83D6A974-8076-4BEE-BCB3-8F36EE22DBD9}.Release|x86.Build.0 = Release|Win32
		{92FB74D1-4081-4454-B348-3D1E34D1E308}.Debug|x64.ActiveCfg = Debug|x64
		{92FB74D1-4081-4454-B348-3D1E34D1E308}.Debug|x64.Build.0 = Debug|x64
		{92FB74D1-4081-4454-B348-3D1E34D1E308}.Debug|x86.ActiveCfg = Debug|Win32
		{92FB74D1-4081-4454-B348-3D1E34D1E308}.Debug|x86.Build.0 = Debug|Win32
		{92FB74D1-4081-4454-B348-3D1E34D1E308}.Release|x64.ActiveCfg = Release|x64
		{92FB74D1-4081-4454-B348-3D1E34D1E308}.Release|x64.Build.0 = Release|x64
		{92FB74D1-4081-4454-B348-3D1E34D1E308}.Release|x86.ActiveCfg = Release|Win32
		{92FB74D1-4081-4454-B348-3D1E34D1E308}.Release|x86.Build.0 = Release|Win32
	EndGlobalSection
	GlobalSection(SolutionProperties) = preSolution
		HideSolutionNode = FALSE
	EndGlobalSection
	GlobalSection(ExtensibilityGlobals) = postSolution
		SolutionGuid = {C3E53B17-2BEF-4992-90A5-EA64EBB26706}
	EndGlobalSection
EndGlobal
