
Microsoft Visual Studio Solution File, Format Version 12.00
# Visual Studio Version 16
VisualStudioVersion = 16.0.29411.108
MinimumVisualStudioVersion = 10.0.40219.1
Project("{8BC9CEB8-8B4A-11D0-8D11-00A0C91BC942}") = "Exercise01", "Exercise01\Exercise01.vcxproj", "{0F9DD796-B0EA-4559-B3BB-C57C68A0B16F}"
EndProject
Project("{8BC9CEB8-8B4A-11D0-8D11-00A0C91BC942}") = "exercise02", "exercise02\exercise02.vcxproj", "{2F5F571D-8F2F-4275-B6A1-3C6C75827DE4}"
EndProject
Project("{8BC9CEB8-8B4A-11D0-8D11-00A0C91BC942}") = "exercise02e", "exercise02e\exercise02e.vcxproj", "{416E4138-A644-46D2-BA1B-D4ABD5345337}"
EndProject
Project("{8BC9CEB8-8B4A-11D0-8D11-00A0C91BC942}") = "exercise03", "exercise03\exercise03.vcxproj", "{01EE38B4-C6B3-46A0-A5C8-AC9C91D41E73}"
EndProject
Project("{8BC9CEB8-8B4A-11D0-8D11-00A0C91BC942}") = "exercise04", "exercise04\exercise04.vcxproj", "{83D6A974-8076-4BEE-BCB3-8F36EE22DBD9}"
EndProject
Project("{8BC9CEB8-8B4A-11D0-8D11-00A0C91BC942}") = "exercise05", "exercise05\exercise05.vcxproj", "{92FB74D1-4081-4454-B348-3D1E34D1E308}"
EndProject
Project("{8BC9CEB8-8B4A-11D0-8D11-00A0C91BC942}") = "exercise05_2", "exercise05_2\exercise05_2.vcxproj", "{9340DF31-8A7A-4EE6-9B0B-EB6A642D1D84}"
EndProject
Project("{8BC9CEB8-8B4A-11D0-8D11-00A0C91BC942}") = "exercise06", "exercise06\exercise06.vcxproj", "{F0C6D34A-440F-4EE7-939A-AE0959E7A47E}"
EndProject
Project("{8BC9CEB8-8B4A-11D0-8D11-00A0C91BC942}") = "Exercise07", "Exercise07\Exercise07.vcxproj", "{235503D4-9AA1-4B9E-A350-66D78AA3C72C}"
EndProject
Project("{8BC9CEB8-8B4A-11D0-8D11-00A0C91BC942}") = "Test", "Test\Test.vcxproj", "{98B4651D-7442-47F0-870A-8EEBD2942EAB}"
EndProject
Project("{8BC9CEB8-8B4A-11D0-8D11-00A0C91BC942}") = "Exercise07b", "Exercise07b\Exercise07b.vcxproj", "{0F2BDD3C-65E4-4773-AE46-29F450B14FAA}"
EndProject
Project("{8BC9CEB8-8B4A-11D0-8D11-00A0C91BC942}") = "Exercise08", "Exercise08\Exercise08.vcxproj", "{A6D3842D-8537-4774-A015-28B27AB60CE4}"
EndProject
Project("{8BC9CEB8-8B4A-11D0-8D11-00A0C91BC942}") = "Exercise09", "Exercise09\Exercise09.vcxproj", "{624C2212-02B2-40B4-B7FC-AC23E709E7DD}"
EndProject
Project("{8BC9CEB8-8B4A-11D0-8D11-00A0C91BC942}") = "Exercise10A", "Exercise10A\Exercise10A.vcxproj", "{8D3993E8-D86E-4941-8564-068AB817433B}"
EndProject
Project("{8BC9CEB8-8B4A-11D0-8D11-00A0C91BC942}") = "Exercise10B", "Exercise10B\Exercise10B.vcxproj", "{44E2BA6C-1AFC-477A-AC03-ABCEC0C2E29A}"
EndProject
Project("{8BC9CEB8-8B4A-11D0-8D11-00A0C91BC942}") = "Exercise11", "Exercise11\Exercise11.vcxproj", "{7CEB3963-9EC1-4ED3-B762-6E2859AE66D4}"
EndProject
Project("{8BC9CEB8-8B4A-11D0-8D11-00A0C91BC942}") = "Exercise12", "Exercise12\Exercise12.vcxproj", "{CD96D66D-3A19-4489-A106-0C53CCB188A1}"
EndProject
Project("{8BC9CEB8-8B4A-11D0-8D11-00A0C91BC942}") = "Exercise12B", "Exercise12B\Exercise12B.vcxproj", "{21E834C2-C66F-4ACE-9A85-1A62AC803BDD}"
EndProject
Project("{8BC9CEB8-8B4A-11D0-8D11-00A0C91BC942}") = "Exercise13", "Exercise13\Exercise13.vcxproj", "{7756081C-189E-44DA-B41E-ADCCF6FD54B0}"
EndProject
Global
	GlobalSection(SolutionConfigurationPlatforms) = preSolution
		Debug|x64 = Debug|x64
		Debug|x86 = Debug|x86
		Release|x64 = Release|x64
		Release|x86 = Release|x86
	EndGlobalSection
	GlobalSection(ProjectConfigurationPlatforms) = postSolution
		{0F9DD796-B0EA-4559-B3BB-C57C68A0B16F}.Debug|x64.ActiveCfg = Debug|x64
		{0F9DD796-B0EA-4559-B3BB-C57C68A0B16F}.Debug|x64.Build.0 = Debug|x64
		{0F9DD796-B0EA-4559-B3BB-C57C68A0B16F}.Debug|x86.ActiveCfg = Debug|Win32
		{0F9DD796-B0EA-4559-B3BB-C57C68A0B16F}.Debug|x86.Build.0 = Debug|Win32
		{0F9DD796-B0EA-4559-B3BB-C57C68A0B16F}.Release|x64.ActiveCfg = Release|x64
		{0F9DD796-B0EA-4559-B3BB-C57C68A0B16F}.Release|x64.Build.0 = Release|x64
		{0F9DD796-B0EA-4559-B3BB-C57C68A0B16F}.Release|x86.ActiveCfg = Release|Win32
		{0F9DD796-B0EA-4559-B3BB-C57C68A0B16F}.Release|x86.Build.0 = Release|Win32
		{2F5F571D-8F2F-4275-B6A1-3C6C75827DE4}.Debug|x64.ActiveCfg = Debug|x64
		{2F5F571D-8F2F-4275-B6A1-3C6C75827DE4}.Debug|x64.Build.0 = Debug|x64
		{2F5F571D-8F2F-4275-B6A1-3C6C75827DE4}.Debug|x86.ActiveCfg = Debug|Win32
		{2F5F571D-8F2F-4275-B6A1-3C6C75827DE4}.Debug|x86.Build.0 = Debug|Win32
		{2F5F571D-8F2F-4275-B6A1-3C6C75827DE4}.Release|x64.ActiveCfg = Release|x64
		{2F5F571D-8F2F-4275-B6A1-3C6C75827DE4}.Release|x64.Build.0 = Release|x64
		{2F5F571D-8F2F-4275-B6A1-3C6C75827DE4}.Release|x86.ActiveCfg = Release|Win32
		{2F5F571D-8F2F-4275-B6A1-3C6C75827DE4}.Release|x86.Build.0 = Release|Win32
		{416E4138-A644-46D2-BA1B-D4ABD5345337}.Debug|x64.ActiveCfg = Debug|x64
		{416E4138-A644-46D2-BA1B-D4ABD5345337}.Debug|x64.Build.0 = Debug|x64
		{416E4138-A644-46D2-BA1B-D4ABD5345337}.Debug|x86.ActiveCfg = Debug|Win32
		{416E4138-A644-46D2-BA1B-D4ABD5345337}.Debug|x86.Build.0 = Debug|Win32
		{416E4138-A644-46D2-BA1B-D4ABD5345337}.Release|x64.ActiveCfg = Release|x64
		{416E4138-A644-46D2-BA1B-D4ABD5345337}.Release|x64.Build.0 = Release|x64
		{416E4138-A644-46D2-BA1B-D4ABD5345337}.Release|x86.ActiveCfg = Release|Win32
		{416E4138-A644-46D2-BA1B-D4ABD5345337}.Release|x86.Build.0 = Release|Win32
		{01EE38B4-C6B3-46A0-A5C8-AC9C91D41E73}.Debug|x64.ActiveCfg = Debug|x64
		{01EE38B4-C6B3-46A0-A5C8-AC9C91D41E73}.Debug|x64.Build.0 = Debug|x64
		{01EE38B4-C6B3-46A0-A5C8-AC9C91D41E73}.Debug|x86.ActiveCfg = Debug|Win32
		{01EE38B4-C6B3-46A0-A5C8-AC9C91D41E73}.Debug|x86.Build.0 = Debug|Win32
		{01EE38B4-C6B3-46A0-A5C8-AC9C91D41E73}.Release|x64.ActiveCfg = Release|x64
		{01EE38B4-C6B3-46A0-A5C8-AC9C91D41E73}.Release|x64.Build.0 = Release|x64
		{01EE38B4-C6B3-46A0-A5C8-AC9C91D41E73}.Release|x86.ActiveCfg = Release|Win32
		{01EE38B4-C6B3-46A0-A5C8-AC9C91D41E73}.Release|x86.Build.0 = Release|Win32
		{83D6A974-8076-4BEE-BCB3-8F36EE22DBD9}.Debug|x64.ActiveCfg = Debug|x64
		{83D6A974-8076-4BEE-BCB3-8F36EE22DBD9}.Debug|x64.Build.0 = Debug|x64
		{83D6A974-8076-4BEE-BCB3-8F36EE22DBD9}.Debug|x86.ActiveCfg = Debug|Win32
		{83D6A974-8076-4BEE-BCB3-8F36EE22DBD9}.Debug|x86.Build.0 = Debug|Win32
		{83D6A974-8076-4BEE-BCB3-8F36EE22DBD9}.Release|x64.ActiveCfg = Release|x64
		{83D6A974-8076-4BEE-BCB3-8F36EE22DBD9}.Release|x64.Build.0 = Release|x64
		{83D6A974-8076-4BEE-BCB3-8F36EE22DBD9}.Release|x86.ActiveCfg = Release|Win32
		{83D6A974-8076-4BEE-BCB3-8F36EE22DBD9}.Release|x86.Build.0 = Release|Win32
		{92FB74D1-4081-4454-B348-3D1E34D1E308}.Debug|x64.ActiveCfg = Debug|x64
		{92FB74D1-4081-4454-B348-3D1E34D1E308}.Debug|x64.Build.0 = Debug|x64
		{92FB74D1-4081-4454-B348-3D1E34D1E308}.Debug|x86.ActiveCfg = Debug|Win32
		{92FB74D1-4081-4454-B348-3D1E34D1E308}.Debug|x86.Build.0 = Debug|Win32
		{92FB74D1-4081-4454-B348-3D1E34D1E308}.Release|x64.ActiveCfg = Release|x64
		{92FB74D1-4081-4454-B348-3D1E34D1E308}.Release|x64.Build.0 = Release|x64
		{92FB74D1-4081-4454-B348-3D1E34D1E308}.Release|x86.ActiveCfg = Release|Win32
		{92FB74D1-4081-4454-B348-3D1E34D1E308}.Release|x86.Build.0 = Release|Win32
		{9340DF31-8A7A-4EE6-9B0B-EB6A642D1D84}.Debug|x64.ActiveCfg = Debug|x64
		{9340DF31-8A7A-4EE6-9B0B-EB6A642D1D84}.Debug|x64.Build.0 = Debug|x64
		{9340DF31-8A7A-4EE6-9B0B-EB6A642D1D84}.Debug|x86.ActiveCfg = Debug|Win32
		{9340DF31-8A7A-4EE6-9B0B-EB6A642D1D84}.Debug|x86.Build.0 = Debug|Win32
		{9340DF31-8A7A-4EE6-9B0B-EB6A642D1D84}.Release|x64.ActiveCfg = Release|x64
		{9340DF31-8A7A-4EE6-9B0B-EB6A642D1D84}.Release|x64.Build.0 = Release|x64
		{9340DF31-8A7A-4EE6-9B0B-EB6A642D1D84}.Release|x86.ActiveCfg = Release|Win32
		{9340DF31-8A7A-4EE6-9B0B-EB6A642D1D84}.Release|x86.Build.0 = Release|Win32
		{F0C6D34A-440F-4EE7-939A-AE0959E7A47E}.Debug|x64.ActiveCfg = Debug|x64
		{F0C6D34A-440F-4EE7-939A-AE0959E7A47E}.Debug|x64.Build.0 = Debug|x64
		{F0C6D34A-440F-4EE7-939A-AE0959E7A47E}.Debug|x86.ActiveCfg = Debug|Win32
		{F0C6D34A-440F-4EE7-939A-AE0959E7A47E}.Debug|x86.Build.0 = Debug|Win32
		{F0C6D34A-440F-4EE7-939A-AE0959E7A47E}.Release|x64.ActiveCfg = Release|x64
		{F0C6D34A-440F-4EE7-939A-AE0959E7A47E}.Release|x64.Build.0 = Release|x64
		{F0C6D34A-440F-4EE7-939A-AE0959E7A47E}.Release|x86.ActiveCfg = Release|Win32
		{F0C6D34A-440F-4EE7-939A-AE0959E7A47E}.Release|x86.Build.0 = Release|Win32
		{235503D4-9AA1-4B9E-A350-66D78AA3C72C}.Debug|x64.ActiveCfg = Debug|x64
		{235503D4-9AA1-4B9E-A350-66D78AA3C72C}.Debug|x64.Build.0 = Debug|x64
		{235503D4-9AA1-4B9E-A350-66D78AA3C72C}.Debug|x86.ActiveCfg = Debug|Win32
		{235503D4-9AA1-4B9E-A350-66D78AA3C72C}.Debug|x86.Build.0 = Debug|Win32
		{235503D4-9AA1-4B9E-A350-66D78AA3C72C}.Release|x64.ActiveCfg = Release|x64
		{235503D4-9AA1-4B9E-A350-66D78AA3C72C}.Release|x64.Build.0 = Release|x64
		{235503D4-9AA1-4B9E-A350-66D78AA3C72C}.Release|x86.ActiveCfg = Release|Win32
		{235503D4-9AA1-4B9E-A350-66D78AA3C72C}.Release|x86.Build.0 = Release|Win32
		{98B4651D-7442-47F0-870A-8EEBD2942EAB}.Debug|x64.ActiveCfg = Debug|x64
		{98B4651D-7442-47F0-870A-8EEBD2942EAB}.Debug|x64.Build.0 = Debug|x64
		{98B4651D-7442-47F0-870A-8EEBD2942EAB}.Debug|x86.ActiveCfg = Debug|Win32
		{98B4651D-7442-47F0-870A-8EEBD2942EAB}.Debug|x86.Build.0 = Debug|Win32
		{98B4651D-7442-47F0-870A-8EEBD2942EAB}.Release|x64.ActiveCfg = Release|x64
		{98B4651D-7442-47F0-870A-8EEBD2942EAB}.Release|x64.Build.0 = Release|x64
		{98B4651D-7442-47F0-870A-8EEBD2942EAB}.Release|x86.ActiveCfg = Release|Win32
		{98B4651D-7442-47F0-870A-8EEBD2942EAB}.Release|x86.Build.0 = Release|Win32
		{0F2BDD3C-65E4-4773-AE46-29F450B14FAA}.Debug|x64.ActiveCfg = Debug|x64
		{0F2BDD3C-65E4-4773-AE46-29F450B14FAA}.Debug|x64.Build.0 = Debug|x64
		{0F2BDD3C-65E4-4773-AE46-29F450B14FAA}.Debug|x86.ActiveCfg = Debug|Win32
		{0F2BDD3C-65E4-4773-AE46-29F450B14FAA}.Debug|x86.Build.0 = Debug|Win32
		{0F2BDD3C-65E4-4773-AE46-29F450B14FAA}.Release|x64.ActiveCfg = Release|x64
		{0F2BDD3C-65E4-4773-AE46-29F450B14FAA}.Release|x64.Build.0 = Release|x64
		{0F2BDD3C-65E4-4773-AE46-29F450B14FAA}.Release|x86.ActiveCfg = Release|Win32
		{0F2BDD3C-65E4-4773-AE46-29F450B14FAA}.Release|x86.Build.0 = Release|Win32
		{A6D3842D-8537-4774-A015-28B27AB60CE4}.Debug|x64.ActiveCfg = Debug|x64
		{A6D3842D-8537-4774-A015-28B27AB60CE4}.Debug|x64.Build.0 = Debug|x64
		{A6D3842D-8537-4774-A015-28B27AB60CE4}.Debug|x86.ActiveCfg = Debug|Win32
		{A6D3842D-8537-4774-A015-28B27AB60CE4}.Debug|x86.Build.0 = Debug|Win32
		{A6D3842D-8537-4774-A015-28B27AB60CE4}.Release|x64.ActiveCfg = Release|x64
		{A6D3842D-8537-4774-A015-28B27AB60CE4}.Release|x64.Build.0 = Release|x64
		{A6D3842D-8537-4774-A015-28B27AB60CE4}.Release|x86.ActiveCfg = Release|Win32
		{A6D3842D-8537-4774-A015-28B27AB60CE4}.Release|x86.Build.0 = Release|Win32
		{624C2212-02B2-40B4-B7FC-AC23E709E7DD}.Debug|x64.ActiveCfg = Debug|x64
		{624C2212-02B2-40B4-B7FC-AC23E709E7DD}.Debug|x64.Build.0 = Debug|x64
		{624C2212-02B2-40B4-B7FC-AC23E709E7DD}.Debug|x86.ActiveCfg = Debug|Win32
		{624C2212-02B2-40B4-B7FC-AC23E709E7DD}.Debug|x86.Build.0 = Debug|Win32
		{624C2212-02B2-40B4-B7FC-AC23E709E7DD}.Release|x64.ActiveCfg = Release|x64
		{624C2212-02B2-40B4-B7FC-AC23E709E7DD}.Release|x64.Build.0 = Release|x64
		{624C2212-02B2-40B4-B7FC-AC23E709E7DD}.Release|x86.ActiveCfg = Release|Win32
		{624C2212-02B2-40B4-B7FC-AC23E709E7DD}.Release|x86.Build.0 = Release|Win32
		{8D3993E8-D86E-4941-8564-068AB817433B}.Debug|x64.ActiveCfg = Debug|x64
		{8D3993E8-D86E-4941-8564-068AB817433B}.Debug|x64.Build.0 = Debug|x64
		{8D3993E8-D86E-4941-8564-068AB817433B}.Debug|x86.ActiveCfg = Debug|Win32
		{8D3993E8-D86E-4941-8564-068AB817433B}.Debug|x86.Build.0 = Debug|Win32
		{8D3993E8-D86E-4941-8564-068AB817433B}.Release|x64.ActiveCfg = Release|x64
		{8D3993E8-D86E-4941-8564-068AB817433B}.Release|x64.Build.0 = Release|x64
		{8D3993E8-D86E-4941-8564-068AB817433B}.Release|x86.ActiveCfg = Release|Win32
		{8D3993E8-D86E-4941-8564-068AB817433B}.Release|x86.Build.0 = Release|Win32
		{44E2BA6C-1AFC-477A-AC03-ABCEC0C2E29A}.Debug|x64.ActiveCfg = Debug|x64
		{44E2BA6C-1AFC-477A-AC03-ABCEC0C2E29A}.Debug|x64.Build.0 = Debug|x64
		{44E2BA6C-1AFC-477A-AC03-ABCEC0C2E29A}.Debug|x86.ActiveCfg = Debug|Win32
		{44E2BA6C-1AFC-477A-AC03-ABCEC0C2E29A}.Debug|x86.Build.0 = Debug|Win32
		{44E2BA6C-1AFC-477A-AC03-ABCEC0C2E29A}.Release|x64.ActiveCfg = Release|x64
		{44E2BA6C-1AFC-477A-AC03-ABCEC0C2E29A}.Release|x64.Build.0 = Release|x64
		{44E2BA6C-1AFC-477A-AC03-ABCEC0C2E29A}.Release|x86.ActiveCfg = Release|Win32
		{44E2BA6C-1AFC-477A-AC03-ABCEC0C2E29A}.Release|x86.Build.0 = Release|Win32
		{7CEB3963-9EC1-4ED3-B762-6E2859AE66D4}.Debug|x64.ActiveCfg = Debug|x64
		{7CEB3963-9EC1-4ED3-B762-6E2859AE66D4}.Debug|x64.Build.0 = Debug|x64
		{7CEB3963-9EC1-4ED3-B762-6E2859AE66D4}.Debug|x86.ActiveCfg = Debug|Win32
		{7CEB3963-9EC1-4ED3-B762-6E2859AE66D4}.Debug|x86.Build.0 = Debug|Win32
		{7CEB3963-9EC1-4ED3-B762-6E2859AE66D4}.Release|x64.ActiveCfg = Release|x64
		{7CEB3963-9EC1-4ED3-B762-6E2859AE66D4}.Release|x64.Build.0 = Release|x64
		{7CEB3963-9EC1-4ED3-B762-6E2859AE66D4}.Release|x86.ActiveCfg = Release|Win32
		{7CEB3963-9EC1-4ED3-B762-6E2859AE66D4}.Release|x86.Build.0 = Release|Win32
		{CD96D66D-3A19-4489-A106-0C53CCB188A1}.Debug|x64.ActiveCfg = Debug|x64
		{CD96D66D-3A19-4489-A106-0C53CCB188A1}.Debug|x64.Build.0 = Debug|x64
		{CD96D66D-3A19-4489-A106-0C53CCB188A1}.Debug|x86.ActiveCfg = Debug|Win32
		{CD96D66D-3A19-4489-A106-0C53CCB188A1}.Debug|x86.Build.0 = Debug|Win32
		{CD96D66D-3A19-4489-A106-0C53CCB188A1}.Release|x64.ActiveCfg = Release|x64
		{CD96D66D-3A19-4489-A106-0C53CCB188A1}.Release|x64.Build.0 = Release|x64
		{CD96D66D-3A19-4489-A106-0C53CCB188A1}.Release|x86.ActiveCfg = Release|Win32
		{CD96D66D-3A19-4489-A106-0C53CCB188A1}.Release|x86.Build.0 = Release|Win32
		{21E834C2-C66F-4ACE-9A85-1A62AC803BDD}.Debug|x64.ActiveCfg = Debug|x64
		{21E834C2-C66F-4ACE-9A85-1A62AC803BDD}.Debug|x64.Build.0 = Debug|x64
		{21E834C2-C66F-4ACE-9A85-1A62AC803BDD}.Debug|x86.ActiveCfg = Debug|Win32
		{21E834C2-C66F-4ACE-9A85-1A62AC803BDD}.Debug|x86.Build.0 = Debug|Win32
		{21E834C2-C66F-4ACE-9A85-1A62AC803BDD}.Release|x64.ActiveCfg = Release|x64
		{21E834C2-C66F-4ACE-9A85-1A62AC803BDD}.Release|x64.Build.0 = Release|x64
		{21E834C2-C66F-4ACE-9A85-1A62AC803BDD}.Release|x86.ActiveCfg = Release|Win32
		{21E834C2-C66F-4ACE-9A85-1A62AC803BDD}.Release|x86.Build.0 = Release|Win32
		{7756081C-189E-44DA-B41E-ADCCF6FD54B0}.Debug|x64.ActiveCfg = Debug|x64
		{7756081C-189E-44DA-B41E-ADCCF6FD54B0}.Debug|x64.Build.0 = Debug|x64
		{7756081C-189E-44DA-B41E-ADCCF6FD54B0}.Debug|x86.ActiveCfg = Debug|Win32
		{7756081C-189E-44DA-B41E-ADCCF6FD54B0}.Debug|x86.Build.0 = Debug|Win32
		{7756081C-189E-44DA-B41E-ADCCF6FD54B0}.Release|x64.ActiveCfg = Release|x64
		{7756081C-189E-44DA-B41E-ADCCF6FD54B0}.Release|x64.Build.0 = Release|x64
		{7756081C-189E-44DA-B41E-ADCCF6FD54B0}.Release|x86.ActiveCfg = Release|Win32
		{7756081C-189E-44DA-B41E-ADCCF6FD54B0}.Release|x86.Build.0 = Release|Win32
	EndGlobalSection
	GlobalSection(SolutionProperties) = preSolution
		HideSolutionNode = FALSE
	EndGlobalSection
	GlobalSection(ExtensibilityGlobals) = postSolution
		SolutionGuid = {C3E53B17-2BEF-4992-90A5-EA64EBB26706}
	EndGlobalSection
EndGlobal
